Microsoft Visual Studio Solution File, Format Version 12.00
# Visual Studio Version 16
VisualStudioVersion = 16.0.29519.87
MinimumVisualStudioVersion = 10.0.40219.1
Project("{8BC9CEB8-8B4A-11D0-8D11-00A0C91BC942}") = "vphysics", "vphysics.vcxproj", "{D14B5456-0069-453D-A86A-D5B4CB35C6DD}"
	ProjectSection(ProjectDependencies) = postProject
		{3C3822B7-A147-38D2-ADE9-995D3E3A8FBE} = {3C3822B7-A147-38D2-ADE9-995D3E3A8FBE}
		{ABEAB0F1-CA53-33C0-A392-03985BB88C2A} = {ABEAB0F1-CA53-33C0-A392-03985BB88C2A}
		{065CC0D7-2215-3CD1-8002-0E82B6421DED} = {065CC0D7-2215-3CD1-8002-0E82B6421DED}
		{0174D81F-6A79-37F0-A5D3-9CDBFF2C8892} = {0174D81F-6A79-37F0-A5D3-9CDBFF2C8892}
	EndProjectSection
EndProject
Project("{2150E333-8FDC-42A3-9474-1A3956D46DE8}") = "Bullet", "Bullet", "{3112246C-4D66-4B81-9895-68B6868C8F9D}"
EndProject
Project("{8BC9CEB8-8B4A-11D0-8D11-00A0C91BC942}") = "BulletCollision", "thirdparty\bullet3\build_cmake\src\BulletCollision\BulletCollision.vcxproj", "{065CC0D7-2215-3CD1-8002-0E82B6421DED}"
EndProject
Project("{8BC9CEB8-8B4A-11D0-8D11-00A0C91BC942}") = "BulletDynamics", "thirdparty\bullet3\build_cmake\src\BulletDynamics\BulletDynamics.vcxproj", "{ABEAB0F1-CA53-33C0-A392-03985BB88C2A}"
EndProject
Project("{8BC9CEB8-8B4A-11D0-8D11-00A0C91BC942}") = "LinearMath", "thirdparty\bullet3\build_cmake\src\LinearMath\LinearMath.vcxproj", "{0174D81F-6A79-37F0-A5D3-9CDBFF2C8892}"
EndProject
Project("{8BC9CEB8-8B4A-11D0-8D11-00A0C91BC942}") = "BulletSoftBody", "thirdparty\bullet3\build_cmake\src\BulletSoftBody\BulletSoftBody.vcxproj", "{3C3822B7-A147-38D2-ADE9-995D3E3A8FBE}"
EndProject
Global
	GlobalSection(SolutionConfigurationPlatforms) = preSolution
		Debug|Win32 = Debug|Win32
		Release|Win32 = Release|Win32
	EndGlobalSection
	GlobalSection(ProjectConfigurationPlatforms) = postSolution
		{D14B5456-0069-453D-A86A-D5B4CB35C6DD}.Debug|Win32.ActiveCfg = Debug|Win32
		{D14B5456-0069-453D-A86A-D5B4CB35C6DD}.Debug|Win32.Build.0 = Debug|Win32
		{D14B5456-0069-453D-A86A-D5B4CB35C6DD}.Release|Win32.ActiveCfg = Release|Win32
		{D14B5456-0069-453D-A86A-D5B4CB35C6DD}.Release|Win32.Build.0 = Release|Win32
		{065CC0D7-2215-3CD1-8002-0E82B6421DED}.Debug|Win32.ActiveCfg = Debug|Win32
		{065CC0D7-2215-3CD1-8002-0E82B6421DED}.Debug|Win32.Build.0 = Debug|Win32
		{065CC0D7-2215-3CD1-8002-0E82B6421DED}.Release|Win32.ActiveCfg = Release|Win32
		{065CC0D7-2215-3CD1-8002-0E82B6421DED}.Release|Win32.Build.0 = Release|Win32
		{ABEAB0F1-CA53-33C0-A392-03985BB88C2A}.Debug|Win32.ActiveCfg = Debug|Win32
		{ABEAB0F1-CA53-33C0-A392-03985BB88C2A}.Debug|Win32.Build.0 = Debug|Win32
		{ABEAB0F1-CA53-33C0-A392-03985BB88C2A}.Release|Win32.ActiveCfg = Release|Win32
		{ABEAB0F1-CA53-33C0-A392-03985BB88C2A}.Release|Win32.Build.0 = Release|Win32
		{0174D81F-6A79-37F0-A5D3-9CDBFF2C8892}.Debug|Win32.ActiveCfg = Debug|Win32
		{0174D81F-6A79-37F0-A5D3-9CDBFF2C8892}.Debug|Win32.Build.0 = Debug|Win32
		{0174D81F-6A79-37F0-A5D3-9CDBFF2C8892}.Release|Win32.ActiveCfg = Release|Win32
		{0174D81F-6A79-37F0-A5D3-9CDBFF2C8892}.Release|Win32.Build.0 = Release|Win32
		{3C3822B7-A147-38D2-ADE9-995D3E3A8FBE}.Debug|Win32.ActiveCfg = Debug|Win32
		{3C3822B7-A147-38D2-ADE9-995D3E3A8FBE}.Debug|Win32.Build.0 = Debug|Win32
		{3C3822B7-A147-38D2-ADE9-995D3E3A8FBE}.Release|Win32.ActiveCfg = Release|Win32
		{3C3822B7-A147-38D2-ADE9-995D3E3A8FBE}.Release|Win32.Build.0 = Release|Win32
	EndGlobalSection
	GlobalSection(SolutionProperties) = preSolution
		HideSolutionNode = FALSE
	EndGlobalSection
	GlobalSection(NestedProjects) = preSolution
		{065CC0D7-2215-3CD1-8002-0E82B6421DED} = {3112246C-4D66-4B81-9895-68B6868C8F9D}
		{ABEAB0F1-CA53-33C0-A392-03985BB88C2A} = {3112246C-4D66-4B81-9895-68B6868C8F9D}
		{0174D81F-6A79-37F0-A5D3-9CDBFF2C8892} = {3112246C-4D66-4B81-9895-68B6868C8F9D}
		{3C3822B7-A147-38D2-ADE9-995D3E3A8FBE} = {3112246C-4D66-4B81-9895-68B6868C8F9D}
	EndGlobalSection
	GlobalSection(ExtensibilityGlobals) = postSolution
		SolutionGuid = {D59EAEFF-BE53-404D-9922-E8880BF89813}
	EndGlobalSection
EndGlobal
